PODS:
  - Bolts (1.8.4):
    - Bolts/AppLinks (= 1.8.4)
    - Bolts/Tasks (= 1.8.4)
  - Bolts/AppLinks (1.8.4):
    - Bolts/Tasks
  - Bolts/Tasks (1.8.4)
  - FacebookCore (0.2.0):
    - Bolts (~> 1.8)
    - FBSDKCoreKit (~> 4.15)
  - FacebookLogin (0.2.0):
    - Bolts (~> 1.8)
    - FacebookCore (~> 0.2)
    - FBSDKCoreKit (~> 4.15)
    - FBSDKLoginKit (~> 4.15)
  - FacebookShare (0.2.0):
    - Bolts (~> 1.8)
    - FacebookCore (~> 0.2)
    - FBSDKCoreKit (~> 4.15)
    - FBSDKShareKit (~> 4.15)
  - FBSDKCoreKit (4.22.1):
    - Bolts (~> 1.7)
  - FBSDKLoginKit (4.22.1):
    - FBSDKCoreKit
  - FBSDKShareKit (4.22.1):
    - FBSDKCoreKit
  - Firebase/Auth (3.17.0):
    - Firebase/Core
    - FirebaseAuth (= 3.1.1)
  - Firebase/Core (3.17.0):
    - FirebaseAnalytics (= 3.9.0)
    - FirebaseCore (= 3.6.0)
  - Firebase/Database (3.17.0):
    - Firebase/Core
    - FirebaseDatabase (= 3.1.2)
  - Firebase/Messaging (3.17.0):
    - Firebase/Core
    - FirebaseMessaging (= 1.2.3)
  - Firebase/Storage (3.17.0):
    - Firebase/Core
    - FirebaseStorage (= 1.1.0)
  - FirebaseAnalytics (3.9.0):
    - FirebaseCore (~> 3.6)
    - FirebaseInstanceID (~> 1.0)
    - GoogleToolboxForMac/NSData+zlib (~> 2.1)
  - FirebaseAuth (3.1.1):
    - FirebaseAnalytics (~> 3.7)
    - GoogleToolboxForMac/NSDictionary+URLArguments (~> 2.1)
    - GTMSessionFetcher/Core (~> 1.1)
  - FirebaseCore (3.6.0):
    - GoogleToolboxForMac/NSData+zlib (~> 2.1)
  - FirebaseDatabase (3.1.2):
    - FirebaseAnalytics (~> 3.7)
  - FirebaseInstanceID (1.0.10):
    - FirebaseCore (~> 3.6)
  - FirebaseMessaging (1.2.3):
    - FirebaseAnalytics (~> 3.8)
    - FirebaseInstanceID (~> 1.0)
    - GoogleToolboxForMac/Logger (~> 2.1)
    - Protobuf (~> 3.1)
  - FirebaseStorage (1.1.0):
    - FirebaseAnalytics (~> 3.7)
    - GTMSessionFetcher/Core (~> 1.1)
  - Fusuma (1.0.3)
  - Google/Core (3.0.3):
    - FirebaseAnalytics (~> 3.2)
  - Google/SignIn (3.0.3):
    - Google/Core
    - GoogleSignIn (~> 4.0)
  - GoogleSignIn (4.0.2):
    - GoogleToolboxForMac/NSDictionary+URLArguments (~> 2.1)
    - GoogleToolboxForMac/NSString+URLArguments (~> 2.1)
    - GTMOAuth2 (~> 1.0)
    - GTMSessionFetcher/Core (~> 1.1)
  - GoogleToolboxForMac/DebugUtils (2.1.1):
    - GoogleToolboxForMac/Defines (= 2.1.1)
  - GoogleToolboxForMac/Defines (2.1.1)
  - GoogleToolboxForMac/Logger (2.1.1):
    - GoogleToolboxForMac/Defines (= 2.1.1)
  - GoogleToolboxForMac/NSData+zlib (2.1.1):
    - GoogleToolboxForMac/Defines (= 2.1.1)
  - GoogleToolboxForMac/NSDictionary+URLArguments (2.1.1):
    - GoogleToolboxForMac/DebugUtils (= 2.1.1)
    - GoogleToolboxForMac/Defines (= 2.1.1)
    - GoogleToolboxForMac/NSString+URLArguments (= 2.1.1)
  - GoogleToolboxForMac/NSString+URLArguments (2.1.1)
  - GTMOAuth2 (1.1.4):
    - GTMSessionFetcher (~> 1.1)
  - GTMSessionFetcher (1.1.9):
    - GTMSessionFetcher/Full (= 1.1.9)
  - GTMSessionFetcher/Core (1.1.9)
  - GTMSessionFetcher/Full (1.1.9):
    - GTMSessionFetcher/Core (= 1.1.9)
  - JSQMessagesViewController (7.3.4):
    - JSQSystemSoundPlayer (~> 2.0.1)
  - JSQSystemSoundPlayer (2.0.1)
  - LiquidFloatingActionButton (2.0.0)
  - Protobuf (3.3.0)
  - SDWebImage (4.0.0):
    - SDWebImage/Core (= 4.0.0)
  - SDWebImage/Core (4.0.0)
  - SkyFloatingLabelTextField (3.1.0)
  - SwiftPhotoGallery (3.1.0)
  - TextFieldEffects (1.3.2)

DEPENDENCIES:
  - FacebookCore
  - FacebookLogin
  - FacebookShare
  - Firebase/Auth
  - Firebase/Core
  - Firebase/Database
  - Firebase/Messaging
  - Firebase/Storage
  - Fusuma
  - Google/SignIn
  - JSQMessagesViewController
  - LiquidFloatingActionButton (from `https://github.com/alexsanderkhitev/LiquidFloatingActionButton.git`)
  - SDWebImage
  - SkyFloatingLabelTextField
  - SwiftPhotoGallery
  - TextFieldEffects

EXTERNAL SOURCES:
  LiquidFloatingActionButton:
    :git: https://github.com/alexsanderkhitev/LiquidFloatingActionButton.git

CHECKOUT OPTIONS:
  LiquidFloatingActionButton:
    :commit: 7acc6dee04da3ee00ff881309bd64763b216f0e6
    :git: https://github.com/alexsanderkhitev/LiquidFloatingActionButton.git

SPEC CHECKSUMS:
  Bolts: 8a7995239dbe724f9cba2248b766d48b7ebdd322
  FacebookCore: 2cb3f0fbff218e9d3119cec84bae983b232412de
  FacebookLogin: c9d606504735780a9e3002465a615512e0a691a5
  FacebookShare: 8e9ee8ea06505e6a1d3d719b0cc63e840fb8aaeb
  FBSDKCoreKit: 9c2daf0162214d6d2e21cf8208a9c6c2a2e42b9c
  FBSDKLoginKit: 00cf28916b9f0169763a3d61985d745b579fe304
  FBSDKShareKit: 1cbd0fdc2bb3277dd3522512855dcf1f4088f734
  Firebase: 4b66b5b59c43edac745b87f0c87e42cdd0279c13
  FirebaseAnalytics: e5fe8486efc01bec33f6bf82e2fa9fce4b124052
  FirebaseAuth: cc8a1824170adbd351edb7f994490a3fb5c18be6
  FirebaseCore: 9691ee2ade70c098d7cf92440f4303f16d83ca75
  FirebaseDatabase: 05c96d7b43a7368dc91c07791adb49683e1738d1
  FirebaseInstanceID: b9eedd6846fb5e1f0f7279e1deaa7a7e4cf8392e
  FirebaseMessaging: 753d05a925e9eb8eadd09a0ffc9b808578b72fac
  FirebaseStorage: a5c55b23741a49a72af8f30f95b3bb5ddbeda12d
  Fusuma: 60ed1dd51a3b3610960219df9862c83f03304ce1
  Google: cd92fab98f800f509da88c1e0c570275713bc9d5
  GoogleSignIn: d7ad83f13480e1f30453471d00d19b5293ac46af
  GoogleToolboxForMac: 8e329f1b599f2512c6b10676d45736bcc2cbbeb0
  GTMOAuth2: 7fc9c10f5c745f4d9850419ea88889fe3baa6b7d
  GTMSessionFetcher: 5c046c76a1f859bc9c187e918f18e4fc7bb57b5e
  JSQMessagesViewController: 39fed975e3c9f8eba7292071e29eeb541d105e66
  JSQSystemSoundPlayer: c5850e77a4363ffd374cd851154b9af93264ed8d
  LiquidFloatingActionButton: 61496c787627103ccb3a23d4dea71faef4a84d4d
  Protobuf: d582fecf68201eac3d79ed61369ef45734394b9c
  SDWebImage: 76a6348bdc74eb5a55dd08a091ef298e56b55e41
  SkyFloatingLabelTextField: 26a92ad407044dd5a7c3e4e348738ff0991514fe
  SwiftPhotoGallery: 85ff48f685dafc5e84639bee5c74ddb4f0f221d3
  TextFieldEffects: 9e5cce561ea39c75b86e9d3637601727a67e8b23

PODFILE CHECKSUM: 932349c27a985f60f4057c46f2816a101f4187a9

COCOAPODS: 1.2.1
